
Microsoft Visual Studio Solution File, Format Version 12.00
# Visual Studio 14
VisualStudioVersion = 14.0.25420.1
MinimumVisualStudioVersion = 10.0.40219.1
Project("{FAE04EC0-301F-11D3-BF4B-00C04F79EFBC}") = "ABC_Banking.Services.Deposit", "ABC_Banking.Services.Deposit\ABC_Banking.Services.Deposit.csproj", "{FB863140-4DD9-400C-87EB-D4E3E61AA88E}"
EndProject
Project("{FAE04EC0-301F-11D3-BF4B-00C04F79EFBC}") = "ABC_Banking.Services.Deposit.Tests", "ABC_Banking.Services.Deposit.Tests\ABC_Banking.Services.Deposit.Tests.csproj", "{F626CC0C-7807-40AC-9B9F-D1575A75D5C9}"
EndProject
Global
	GlobalSection(SolutionConfigurationPlatforms) = preSolution
		Debug|Any CPU = Debug|Any CPU
		Release|Any CPU = Release|Any CPU
	EndGlobalSection
	GlobalSection(ProjectConfigurationPlatforms) = postSolution
		{FB863140-4DD9-400C-87EB-D4E3E61AA88E}.Debug|Any CPU.ActiveCfg = Debug|Any CPU
		{FB863140-4DD9-400C-87EB-D4E3E61AA88E}.Debug|Any CPU.Build.0 = Debug|Any CPU
		{FB863140-4DD9-400C-87EB-D4E3E61AA88E}.Release|Any CPU.ActiveCfg = Release|Any CPU
		{FB863140-4DD9-400C-87EB-D4E3E61AA88E}.Release|Any CPU.Build.0 = Release|Any CPU
		{F626CC0C-7807-40AC-9B9F-D1575A75D5C9}.Debug|Any CPU.ActiveCfg = Debug|Any CPU
		{F626CC0C-7807-40AC-9B9F-D1575A75D5C9}.Debug|Any CPU.Build.0 = Debug|Any CPU
		{F626CC0C-7807-40AC-9B9F-D1575A75D5C9}.Release|Any CPU.ActiveCfg = Release|Any CPU
		{F626CC0C-7807-40AC-9B9F-D1575A75D5C9}.Release|Any CPU.Build.0 = Release|Any CPU
	EndGlobalSection
	GlobalSection(SolutionProperties) = preSolution
		HideSolutionNode = FALSE
	EndGlobalSection
EndGlobal
